
Microsoft Visual Studio Solution File, Format Version 12.00
# Visual Studio Version 17
VisualStudioVersion = 17.10.35122.118
MinimumVisualStudioVersion = 10.0.40219.1
Project("{FAE04EC0-301F-11D3-BF4B-00C04F79EFBC}") = "Musikalisches Würfelspiel", "Musikalisches Würfelspiel\Musikalisches Würfelspiel.csproj", "{0A18631B-0813-46A6-99B8-7B5B895D2896}"
EndProject
Global
	GlobalSection(SolutionConfigurationPlatforms) = preSolution
		Debug|Any CPU = Debug|Any CPU
		Release|Any CPU = Release|Any CPU
	EndGlobalSection
	GlobalSection(ProjectConfigurationPlatforms) = postSolution
		{0A18631B-0813-46A6-99B8-7B5B895D2896}.Debug|Any CPU.ActiveCfg = Debug|Any CPU
		{0A18631B-0813-46A6-99B8-7B5B895D2896}.Debug|Any CPU.Build.0 = Debug|Any CPU
		{0A18631B-0813-46A6-99B8-7B5B895D2896}.Release|Any CPU.ActiveCfg = Release|Any CPU
		{0A18631B-0813-46A6-99B8-7B5B895D2896}.Release|Any CPU.Build.0 = Release|Any CPU
	EndGlobalSection
	GlobalSection(SolutionProperties) = preSolution
		HideSolutionNode = FALSE
	EndGlobalSection
	GlobalSection(ExtensibilityGlobals) = postSolution
		SolutionGuid = {4799F9FD-2F98-4CC0-A4A9-D60A8706F761}
	EndGlobalSection
EndGlobal
